{
  "lockfileVersion": 1,
  "configVersion": 1,
  "workspaces": {
    "": {
      "name": "notifykit-workspace",
      "devDependencies": {
        "@types/node": "^26.1.2",
      },
    },
    "packages/cli": {
      "name": "notifykit",
      "version": "0.0.0",
      "dependencies": {
        "commander": "^15.0.0",
        "notifykit-core": "workspace:*",
      },
      "devDependencies": {
        "@types/node": "^26.1.2",
      },
    },
    "packages/core": {
      "name": "notifykit-core",
      "version": "0.0.0",
      "dependencies": {
        "zod": "^4.4.3",
      },
    },
  },
  "packages": {
    "@types/node": ["@types/node@26.1.2", "", { "dependencies": { "undici-types": "~8.3.0" } }, "sha512-Vu4a5UFA9rIIFJ7rB/Vaafh9lrCQszopTCx6KjFboXTGQbPNasehVR5TEiithSDGyd1DEiUByggTZsg8jukeIg=="],

    "commander": ["commander@15.0.0", "", {}, "sha512-z67u4ZhzCL/Tydu1lJARtEZYWbWaN7oYLHbsuzocr6y4N6WZAagG3RQ4FW61V1/0+jImpj293XfrcYnd1qxtPg=="],

    "notifykit": ["notifykit@workspace:packages/cli"],

    "notifykit-core": ["notifykit-core@workspace:packages/core"],

    "undici-types": ["undici-types@8.3.0", "", {}, "sha512-j375ScV60dom+YkPFIfTLcOiPxkN/buHz5GobjLhixFuANaNs3C9l4GmrWqejgXWJ7BbJcFYpTEUkS1Ge8bpZQ=="],

    "zod": ["zod@4.4.3", "", {}, "sha512-ytENFjIJFl2UwYglde2jchW2Hwm4GJFLDiSXWdTrJQBIN9Fcyp7n4DhxJEiWNAJMV1/BqWfW/kkg71UDcHJyTQ=="],
  }
}
